// !$*UTF8*$!
{
	archiveVersion = 1;
	classes = {
	};
	objectVersion = 56;
	objects = {

/* Begin PBXBuildFile section */
		EA2EB3522B48F67A000FDC61 /* my_test_ios_appApp.swift in Sources */ = {isa = PBXBuildFile; fileRef = EA2EB3512B48F67A000FDC61 /* my_test_ios_appApp.swift */; };
		EA2EB3542B48F67A000FDC61 /* ContentView.swift in Sources */ = {isa = PBXBuildFile; fileRef = EA2EB3532B48F67A000FDC61 /* ContentView.swift */; };
		EA2EB3562B48F67C000FDC61 /* Assets.xcassets in Resources */ = {isa = PBXBuildFile; fileRef = EA2EB3552B48F67C000FDC61 /* Assets.xcassets */; };
		EA2EB3592B48F67C000FDC61 /* Preview Assets.xcassets in Resources */ = {isa = PBXBuildFile; fileRef = EA2EB3582B48F67C000FDC61 /* Preview Assets.xcassets */; };
		EA2EB3632B48F67C000FDC61 /* my_test_ios_appTests.swift in Sources */ = {isa = PBXBuildFile; fileRef = EA2EB3622B48F67C000FDC61 /* my_test_ios_appTests.swift */; };
		EA2EB36D2B48F67C000FDC61 /* my_test_ios_appUITests.swift in Sources */ = {isa = PBXBuildFile; fileRef = EA2EB36C2B48F67C000FDC61 /* my_test_ios_appUITests.swift */; };
		EA2EB36F2B48F67C000FDC61 /* my_test_ios_appUITestsLaunchTests.swift in Sources */ = {isa = PBXBuildFile; fileRef = EA2EB36E2B48F67C000FDC61 /* my_test_ios_appUITestsLaunchTests.swift */; };
/* End PBXBuildFile section */

/* Begin PBXContainerItemProxy section */
		EA2EB35F2B48F67C000FDC61 /* PBXContainerItemProxy */ = {
			isa = PBXContainerItemProxy;
			containerPortal = EA2EB3462B48F67A000FDC61 /* Project object */;
			proxyType = 1;
			remoteGlobalIDString = EA2EB34D2B48F67A000FDC61;
			remoteInfo = "my-test-ios-app";
		};
		EA2EB3692B48F67C000FDC61 /* PBXContainerItemProxy */ = {
			isa = PBXContainerItemProxy;
			containerPortal = EA2EB3462B48F67A000FDC61 /* Project object */;
			proxyType = 1;
			remoteGlobalIDString = EA2EB34D2B48F67A000FDC61;
			remoteInfo = "my-test-ios-app";
		};
/* End PBXContainerItemProxy section */

/* Begin PBXFileReference section */
		EA2EB34E2B48F67A000FDC61 /* my-test-ios-app.app */ = {isa = PBXFileReference; explicitFileType = wrapper.application; includeInIndex = 0; path = "my-test-ios-app.app"; sourceTree = BUILT_PRODUCTS_DIR; };
		EA2EB3512B48F67A000FDC61 /* my_test_ios_appApp.swift */ = {isa = PBXFileReference; lastKnownFileType = sourcecode.swift; path = my_test_ios_appApp.swift; sourceTree = "<group>"; };
		EA2EB3532B48F67A000FDC61 /* ContentView.swift */ = {isa = PBXFileReference; lastKnownFileType = sourcecode.swift; path = ContentView.swift; sourceTree = "<group>"; };
		EA2EB3552B48F67C000FDC61 /* Assets.xcassets */ = {isa = PBXFileReference; lastKnownFileType = folder.assetcatalog; path = Assets.xcassets; sourceTree = "<group>"; };
		EA2EB3582B48F67C000FDC61 /* Preview Assets.xcassets */ = {isa = PBXFileReference; lastKnownFileType = folder.assetcatalog; path = "Preview Assets.xcassets"; sourceTree = "<group>"; };
		EA2EB35E2B48F67C000FDC61 /* my-test-ios-appTests.xctest */ = {isa = PBXFileReference; explicitFileType = wrapper.cfbundle; includeInIndex = 0; path = "my-test-ios-appTests.xctest"; sourceTree = BUILT_PRODUCTS_DIR; };
		EA2EB3622B48F67C000FDC61 /* my_test_ios_appTests.swift */ = {isa = PBXFileReference; lastKnownFileType = sourcecode.swift; path = my_test_ios_appTests.swift; sourceTree = "<group>"; };
		EA2EB3682B48F67C000FDC61 /* my-test-ios-appUITests.xctest */ = {isa = PBXFileReference; explicitFileType = wrapper.cfbundle; includeInIndex = 0; path = "my-test-ios-appUITests.xctest"; sourceTree = BUILT_PRODUCTS_DIR; };
		EA2EB36C2B48F67C000FDC61 /* my_test_ios_appUITests.swift */ = {isa = PBXFileReference; lastKnownFileType = sourcecode.swift; path = my_test_ios_appUITests.swift; sourceTree = "<group>"; };
		EA2EB36E2B48F67C000FDC61 /* my_test_ios_appUITestsLaunchTests.swift */ = {isa = PBXFileReference; lastKnownFileType = sourcecode.swift; path = my_test_ios_appUITestsLaunchTests.swift; sourceTree = "<group>"; };
/* End PBXFileReference section */

/* Begin PBXFrameworksBuildPhase section */
		EA2EB34B2B48F67A000FDC61 /* Frameworks */ = {
			isa = PBXFrameworksBuildPhase;
			buildActionMask = 2147483647;
			files = (
			);
			runOnlyForDeploymentPostprocessing = 0;
		};
		EA2EB35B2B48F67C000FDC61 /* Frameworks */ = {
			isa = PBXFrameworksBuildPhase;
			buildActionMask = 2147483647;
			files = (
			);
			runOnlyForDeploymentPostprocessing = 0;
		};
		EA2EB3652B48F67C000FDC61 /* Frameworks */ = {
			isa = PBXFrameworksBuildPhase;
			buildActionMask = 2147483647;
			files = (
			);
			runOnlyForDeploymentPostprocessing = 0;
		};
/* End PBXFrameworksBuildPhase section */

/* Begin PBXGroup section */
		EA2EB3452B48F67A000FDC61 = {
			isa = PBXGroup;
			children = (
				EA2EB3502B48F67A000FDC61 /* my-test-ios-app */,
				EA2EB3612B48F67C000FDC61 /* my-test-ios-appTests */,
				EA2EB36B2B48F67C000FDC61 /* my-test-ios-appUITests */,
				EA2EB34F2B48F67A000FDC61 /* Products */,
			);
			sourceTree = "<group>";
		};
		EA2EB34F2B48F67A000FDC61 /* Products */ = {
			isa = PBXGroup;
			children = (
				EA2EB34E2B48F67A000FDC61 /* my-test-ios-app.app */,
				EA2EB35E2B48F67C000FDC61 /* my-test-ios-appTests.xctest */,
				EA2EB3682B48F67C000FDC61 /* my-test-ios-appUITests.xctest */,
			);
			name = Products;
			sourceTree = "<group>";
		};
		EA2EB3502B48F67A000FDC61 /* my-test-ios-app */ = {
			isa = PBXGroup;
			children = (
				EA2EB3512B48F67A000FDC61 /* my_test_ios_appApp.swift */,
				EA2EB3532B48F67A000FDC61 /* ContentView.swift */,
				EA2EB3552B48F67C000FDC61 /* Assets.xcassets */,
				EA2EB3572B48F67C000FDC61 /* Preview Content */,
			);
			path = "my-test-ios-app";
			sourceTree = "<group>";
		};
		EA2EB3572B48F67C000FDC61 /* Preview Content */ = {
			isa = PBXGroup;
			children = (
				EA2EB3582B48F67C000FDC61 /* Preview Assets.xcassets */,
			);
			path = "Preview Content";
			sourceTree = "<group>";
		};
		EA2EB3612B48F67C000FDC61 /* my-test-ios-appTests */ = {
			isa = PBXGroup;
			children = (
				EA2EB3622B48F67C000FDC61 /* my_test_ios_appTests.swift */,
			);
			path = "my-test-ios-appTests";
			sourceTree = "<group>";
		};
		EA2EB36B2B48F67C000FDC61 /* my-test-ios-appUITests */ = {
			isa = PBXGroup;
			children = (
				EA2EB36C2B48F67C000FDC61 /* my_test_ios_appUITests.swift */,
				EA2EB36E2B48F67C000FDC61 /* my_test_ios_appUITestsLaunchTests.swift */,
			);
			path = "my-test-ios-appUITests";
			sourceTree = "<group>";
		};
/* End PBXGroup section */

/* Begin PBXNativeTarget section */
		EA2EB34D2B48F67A000FDC61 /* my-test-ios-app */ = {
			isa = PBXNativeTarget;
			buildConfigurationList = EA2EB3722B48F67C000FDC61 /* Build configuration list for PBXNativeTarget "my-test-ios-app" */;
			buildPhases = (
				EA2EB34A2B48F67A000FDC61 /* Sources */,
				EA2EB34B2B48F67A000FDC61 /* Frameworks */,
				EA2EB34C2B48F67A000FDC61 /* Resources */,
			);
			buildRules = (
			);
			dependencies = (
			);
			name = "my-test-ios-app";
			productName = "my-test-ios-app";
			productReference = EA2EB34E2B48F67A000FDC61 /* my-test-ios-app.app */;
			productType = "com.apple.product-type.application";
		};
		EA2EB35D2B48F67C000FDC61 /* my-test-ios-appTests */ = {
			isa = PBXNativeTarget;
			buildConfigurationList = EA2EB3752B48F67C000FDC61 /* Build configuration list for PBXNativeTarget "my-test-ios-appTests" */;
			buildPhases = (
				EA2EB35A2B48F67C000FDC61 /* Sources */,
				EA2EB35B2B48F67C000FDC61 /* Frameworks */,
				EA2EB35C2B48F67C000FDC61 /* Resources */,
			);
			buildRules = (
			);
			dependencies = (
				EA2EB3602B48F67C000FDC61 /* PBXTargetDependency */,
			);
			name = "my-test-ios-appTests";
			productName = "my-test-ios-appTests";
			productReference = EA2EB35E2B48F67C000FDC61 /* my-test-ios-appTests.xctest */;
			productType = "com.apple.product-type.bundle.unit-test";
		};
		EA2EB3672B48F67C000FDC61 /* my-test-ios-appUITests */ = {
			isa = PBXNativeTarget;
			buildConfigurationList = EA2EB3782B48F67C000FDC61 /* Build configuration list for PBXNativeTarget "my-test-ios-appUITests" */;
			buildPhases = (
				EA2EB3642B48F67C000FDC61 /* Sources */,
				EA2EB3652B48F67C000FDC61 /* Frameworks */,
				EA2EB3662B48F67C000FDC61 /* Resources */,
			);
			buildRules = (
			);
			dependencies = (
				EA2EB36A2B48F67C000FDC61 /* PBXTargetDependency */,
			);
			name = "my-test-ios-appUITests";
			productName = "my-test-ios-appUITests";
			productReference = EA2EB3682B48F67C000FDC61 /* my-test-ios-appUITests.xctest */;
			productType = "com.apple.product-type.bundle.ui-testing";
		};
/* End PBXNativeTarget section */

/* Begin PBXProject section */
		EA2EB3462B48F67A000FDC61 /* Project object */ = {
			isa = PBXProject;
			attributes = {
				BuildIndependentTargetsInParallel = 1;
				LastSwiftUpdateCheck = 1510;
				LastUpgradeCheck = 1510;
				TargetAttributes = {
					EA2EB34D2B48F67A000FDC61 = {
						CreatedOnToolsVersion = 15.1;
					};
					EA2EB35D2B48F67C000FDC61 = {
						CreatedOnToolsVersion = 15.1;
						TestTargetID = EA2EB34D2B48F67A000FDC61;
					};
					EA2EB3672B48F67C000FDC61 = {
						CreatedOnToolsVersion = 15.1;
						TestTargetID = EA2EB34D2B48F67A000FDC61;
					};
				};
			};
			buildConfigurationList = EA2EB3492B48F67A000FDC61 /* Build configuration list for PBXProject "my-test-ios-app" */;
			compatibilityVersion = "Xcode 14.0";
			developmentRegion = en;
			hasScannedForEncodings = 0;
			knownRegions = (
				en,
				Base,
			);
			mainGroup = EA2EB3452B48F67A000FDC61;
			productRefGroup = EA2EB34F2B48F67A000FDC61 /* Products */;
			projectDirPath = "";
			projectRoot = "";
			targets = (
				EA2EB34D2B48F67A000FDC61 /* my-test-ios-app */,
				EA2EB35D2B48F67C000FDC61 /* my-test-ios-appTests */,
				EA2EB3672B48F67C000FDC61 /* my-test-ios-appUITests */,
			);
		};
/* End PBXProject section */

/* Begin PBXResourcesBuildPhase section */
		EA2EB34C2B48F67A000FDC61 /* Resources */ = {
			isa = PBXResourcesBuildPhase;
			buildActionMask = 2147483647;
			files = (
				EA2EB3592B48F67C000FDC61 /* Preview Assets.xcassets in Resources */,
				EA2EB3562B48F67C000FDC61 /* Assets.xcassets in Resources */,
			);
			runOnlyForDeploymentPostprocessing = 0;
		};
		EA2EB35C2B48F67C000FDC61 /* Resources */ = {
			isa = PBXResourcesBuildPhase;
			buildActionMask = 2147483647;
			files = (
			);
			runOnlyForDeploymentPostprocessing = 0;
		};
		EA2EB3662B48F67C000FDC61 /* Resources */ = {
			isa = PBXResourcesBuildPhase;
			buildActionMask = 2147483647;
			files = (
			);
			runOnlyForDeploymentPostprocessing = 0;
		};
/* End PBXResourcesBuildPhase section */

/* Begin PBXSourcesBuildPhase section */
		EA2EB34A2B48F67A000FDC61 /* Sources */ = {
			isa = PBXSourcesBuildPhase;
			buildActionMask = 2147483647;
			files = (
				EA2EB3542B48F67A000FDC61 /* ContentView.swift in Sources */,
				EA2EB3522B48F67A000FDC61 /* my_test_ios_appApp.swift in Sources */,
			);
			runOnlyForDeploymentPostprocessing = 0;
		};
		EA2EB35A2B48F67C000FDC61 /* Sources */ = {
			isa = PBXSourcesBuildPhase;
			buildActionMask = 2147483647;
			files = (
				EA2EB3632B48F67C000FDC61 /* my_test_ios_appTests.swift in Sources */,
			);
			runOnlyForDeploymentPostprocessing = 0;
		};
		EA2EB3642B48F67C000FDC61 /* Sources */ = {
			isa = PBXSourcesBuildPhase;
			buildActionMask = 2147483647;
			files = (
				EA2EB36F2B48F67C000FDC61 /* my_test_ios_appUITestsLaunchTests.swift in Sources */,
				EA2EB36D2B48F67C000FDC61 /* my_test_ios_appUITests.swift in Sources */,
			);
			runOnlyForDeploymentPostprocessing = 0;
		};
/* End PBXSourcesBuildPhase section */

/* Begin PBXTargetDependency section */
		EA2EB3602B48F67C000FDC61 /* PBXTargetDependency */ = {
			isa = PBXTargetDependency;
			target = EA2EB34D2B48F67A000FDC61 /* my-test-ios-app */;
			targetProxy = EA2EB35F2B48F67C000FDC61 /* PBXContainerItemProxy */;
		};
		EA2EB36A2B48F67C000FDC61 /* PBXTargetDependency */ = {
			isa = PBXTargetDependency;
			target = EA2EB34D2B48F67A000FDC61 /* my-test-ios-app */;
			targetProxy = EA2EB3692B48F67C000FDC61 /* PBXContainerItemProxy */;
		};
/* End PBXTargetDependency section */

/* Begin XCBuildConfiguration section */
		EA2EB3702B48F67C000FDC61 /* Debug */ = {
			isa = XCBuildConfiguration;
			buildSettings = {
				ALWAYS_SEARCH_USER_PATHS = NO;
				ASSETCATALOG_COMPILER_GENERATE_SWIFT_ASSET_SYMBOL_EXTENSIONS = YES;
				CLANG_ANALYZER_NONNULL = YES;
				CLANG_ANALYZER_NUMBER_OBJECT_CONVERSION = YES_AGGRESSIVE;
				CLANG_CXX_LANGUAGE_STANDARD = "gnu++20";
				CLANG_ENABLE_MODULES = YES;
				CLANG_ENABLE_OBJC_ARC = YES;
				CLANG_ENABLE_OBJC_WEAK = YES;
				CLANG_WARN_BLOCK_CAPTURE_AUTORELEASING = YES;
				CLANG_WARN_BOOL_CONVERSION = YES;
				CLANG_WARN_COMMA = YES;
				CLANG_WARN_CONSTANT_CONVERSION = YES;
				CLANG_WARN_DEPRECATED_OBJC_IMPLEMENTATIONS = YES;
				CLANG_WARN_DIRECT_OBJC_ISA_USAGE = YES_ERROR;
				CLANG_WARN_DOCUMENTATION_COMMENTS = YES;
				CLANG_WARN_EMPTY_BODY = YES;
				CLANG_WARN_ENUM_CONVERSION = YES;
				CLANG_WARN_INFINITE_RECURSION = YES;
				CLANG_WARN_INT_CONVERSION = YES;
				CLANG_WARN_NON_LITERAL_NULL_CONVERSION = YES;
				CLANG_WARN_OBJC_IMPLICIT_RETAIN_SELF = YES;
				CLANG_WARN_OBJC_LITERAL_CONVERSION = YES;
				CLANG_WARN_OBJC_ROOT_CLASS = YES_ERROR;
				CLANG_WARN_QUOTED_INCLUDE_IN_FRAMEWORK_HEADER = YES;
				CLANG_WARN_RANGE_LOOP_ANALYSIS = YES;
				CLANG_WARN_STRICT_PROTOTYPES = YES;
				CLANG_WARN_SUSPICIOUS_MOVE = YES;
				CLANG_WARN_UNGUARDED_AVAILABILITY = YES_AGGRESSIVE;
				CLANG_WARN_UNREACHABLE_CODE = YES;
				CLANG_WARN__DUPLICATE_METHOD_MATCH = YES;
				COPY_PHASE_STRIP = NO;
				DEBUG_INFORMATION_FORMAT = dwarf;
				ENABLE_STRICT_OBJC_MSGSEND = YES;
				ENABLE_TESTABILITY = YES;
				ENABLE_USER_SCRIPT_SANDBOXING = YES;
				GCC_C_LANGUAGE_STANDARD = gnu17;
				GCC_DYNAMIC_NO_PIC = NO;
				GCC_NO_COMMON_BLOCKS = YES;
				GCC_OPTIMIZATION_LEVEL = 0;
				GCC_PREPROCESSOR_DEFINITIONS = (
					"DEBUG=1",
					"$(inherited)",
				);
				GCC_WARN_64_TO_32_BIT_CONVERSION = YES;
				GCC_WARN_ABOUT_RETURN_TYPE = YES_ERROR;
				GCC_WARN_UNDECLARED_SELECTOR = YES;
				GCC_WARN_UNINITIALIZED_AUTOS = YES_AGGRESSIVE;
				GCC_WARN_UNUSED_FUNCTION = YES;
				GCC_WARN_UNUSED_VARIABLE = YES;
				IPHONEOS_DEPLOYMENT_TARGET = 17.2;
				LOCALIZATION_PREFERS_STRING_CATALOGS = YES;
				MTL_ENABLE_DEBUG_INFO = INCLUDE_SOURCE;
				MTL_FAST_MATH = YES;
				ONLY_ACTIVE_ARCH = YES;
				SDKROOT = iphoneos;
				SWIFT_ACTIVE_COMPILATION_CONDITIONS = "DEBUG $(inherited)";
				SWIFT_OPTIMIZATION_LEVEL = "-Onone";
			};
			name = Debug;
		};
		EA2EB3712B48F67C000FDC61 /* Release */ = {
			isa = XCBuildConfiguration;
			buildSettings = {
				ALWAYS_SEARCH_USER_PATHS = NO;
				ASSETCATALOG_COMPILER_GENERATE_SWIFT_ASSET_SYMBOL_EXTENSIONS = YES;
				CLANG_ANALYZER_NONNULL = YES;
				CLANG_ANALYZER_NUMBER_OBJECT_CONVERSION = YES_AGGRESSIVE;
				CLANG_CXX_LANGUAGE_STANDARD = "gnu++20";
				CLANG_ENABLE_MODULES = YES;
				CLANG_ENABLE_OBJC_ARC = YES;
				CLANG_ENABLE_OBJC_WEAK = YES;
				CLANG_WARN_BLOCK_CAPTURE_AUTORELEASING = YES;
				CLANG_WARN_BOOL_CONVERSION = YES;
				CLANG_WARN_COMMA = YES;
				CLANG_WARN_CONSTANT_CONVERSION = YES;
				CLANG_WARN_DEPRECATED_OBJC_IMPLEMENTATIONS = YES;
				CLANG_WARN_DIRECT_OBJC_ISA_USAGE = YES_ERROR;
				CLANG_WARN_DOCUMENTATION_COMMENTS = YES;
				CLANG_WARN_EMPTY_BODY = YES;
				CLANG_WARN_ENUM_CONVERSION = YES;
				CLANG_WARN_INFINITE_RECURSION = YES;
				CLANG_WARN_INT_CONVERSION = YES;
				CLANG_WARN_NON_LITERAL_NULL_CONVERSION = YES;
				CLANG_WARN_OBJC_IMPLICIT_RETAIN_SELF = YES;
				CLANG_WARN_OBJC_LITERAL_CONVERSION = YES;
				CLANG_WARN_OBJC_ROOT_CLASS = YES_ERROR;
				CLANG_WARN_QUOTED_INCLUDE_IN_FRAMEWORK_HEADER = YES;
				CLANG_WARN_RANGE_LOOP_ANALYSIS = YES;
				CLANG_WARN_STRICT_PROTOTYPES = YES;
				CLANG_WARN_SUSPICIOUS_MOVE = YES;
				CLANG_WARN_UNGUARDED_AVAILABILITY = YES_AGGRESSIVE;
				CLANG_WARN_UNREACHABLE_CODE = YES;
				CLANG_WARN__DUPLICATE_METHOD_MATCH = YES;
				COPY_PHASE_STRIP = NO;
				DEBUG_INFORMATION_FORMAT = "dwarf-with-dsym";
				ENABLE_NS_ASSERTIONS = NO;
				ENABLE_STRICT_OBJC_MSGSEND = YES;
				ENABLE_USER_SCRIPT_SANDBOXING = YES;
				GCC_C_LANGUAGE_STANDARD = gnu17;
				GCC_NO_COMMON_BLOCKS = YES;
				GCC_WARN_64_TO_32_BIT_CONVERSION = YES;
				GCC_WARN_ABOUT_RETURN_TYPE = YES_ERROR;
				GCC_WARN_UNDECLARED_SELECTOR = YES;
				GCC_WARN_UNINITIALIZED_AUTOS = YES_AGGRESSIVE;
				GCC_WARN_UNUSED_FUNCTION = YES;
				GCC_WARN_UNUSED_VARIABLE = YES;
				IPHONEOS_DEPLOYMENT_TARGET = 17.2;
				LOCALIZATION_PREFERS_STRING_CATALOGS = YES;
				MTL_ENABLE_DEBUG_INFO = NO;
				MTL_FAST_MATH = YES;
				SDKROOT = iphoneos;
				SWIFT_COMPILATION_MODE = wholemodule;
				VALIDATE_PRODUCT = YES;
			};
			name = Release;
		};
		EA2EB3732B48F67C000FDC61 /* Debug */ = {
			isa = XCBuildConfiguration;
			buildSettings = {
				ASSETCATALOG_COMPILER_APPICON_NAME = AppIcon;
				ASSETCATALOG_COMPILER_GLOBAL_ACCENT_COLOR_NAME = AccentColor;
				CODE_SIGN_STYLE = Automatic;
				CURRENT_PROJECT_VERSION = 1;
				DEVELOPMENT_ASSET_PATHS = "\"my-test-ios-app/Preview Content\"";
				ENABLE_PREVIEWS = YES;
				GENERATE_INFOPLIST_FILE = YES;
				INFOPLIST_KEY_UIApplicationSceneManifest_Generation = YES;
				INFOPLIST_KEY_UIApplicationSupportsIndirectInputEvents = YES;
				INFOPLIST_KEY_UILaunchScreen_Generation = YES;
				INFOPLIST_KEY_UISupportedInterfaceOrientations_iPad = "UIInterfaceOrientationPortrait UIInterfaceOrientationPortraitUpsideDown UIInterfaceOrientationLandscapeLeft UIInterfaceOrientationLandscapeRight";
				INFOPLIST_KEY_UISupportedInterfaceOrientations_iPhone = "UIInterfaceOrientationPortrait UIInterfaceOrientationLandscapeLeft UIInterfaceOrientationLandscapeRight";
				LD_RUNPATH_SEARCH_PATHS = (
					"$(inherited)",
					"@executable_path/Frameworks",
				);
				MARKETING_VERSION = 1.0;
				PRODUCT_BUNDLE_IDENTIFIER = "oob.my-test-ios-app";
				PRODUCT_NAME = "$(TARGET_NAME)";
				SWIFT_EMIT_LOC_STRINGS = YES;
				SWIFT_VERSION = 5.0;
				TARGETED_DEVICE_FAMILY = "1,2";
			};
			name = Debug;
		};
		EA2EB3742B48F67C000FDC61 /* Release */ = {
			isa = XCBuildConfiguration;
			buildSettings = {
				ASSETCATALOG_COMPILER_APPICON_NAME = AppIcon;
				ASSETCATALOG_COMPILER_GLOBAL_ACCENT_COLOR_NAME = AccentColor;
				CODE_SIGN_STYLE = Automatic;
				CURRENT_PROJECT_VERSION = 1;
				DEVELOPMENT_ASSET_PATHS = "\"my-test-ios-app/Preview Content\"";
				ENABLE_PREVIEWS = YES;
				GENERATE_INFOPLIST_FILE = YES;
				INFOPLIST_KEY_UIApplicationSceneManifest_Generation = YES;
				INFOPLIST_KEY_UIApplicationSupportsIndirectInputEvents = YES;
				INFOPLIST_KEY_UILaunchScreen_Generation = YES;
				INFOPLIST_KEY_UISupportedInterfaceOrientations_iPad = "UIInterfaceOrientationPortrait UIInterfaceOrientationPortraitUpsideDown UIInterfaceOrientationLandscapeLeft UIInterfaceOrientationLandscapeRight";
				INFOPLIST_KEY_UISupportedInterfaceOrientations_iPhone = "UIInterfaceOrientationPortrait UIInterfaceOrientationLandscapeLeft UIInterfaceOrientationLandscapeRight";
				LD_RUNPATH_SEARCH_PATHS = (
					"$(inherited)",
					"@executable_path/Frameworks",
				);
				MARKETING_VERSION = 1.0;
				PRODUCT_BUNDLE_IDENTIFIER = "oob.my-test-ios-app";
				PRODUCT_NAME = "$(TARGET_NAME)";
				SWIFT_EMIT_LOC_STRINGS = YES;
				SWIFT_VERSION = 5.0;
				TARGETED_DEVICE_FAMILY = "1,2";
			};
			name = Release;
		};
		EA2EB3762B48F67C000FDC61 /* Debug */ = {
			isa = XCBuildConfiguration;
			buildSettings = {
				ALWAYS_EMBED_SWIFT_STANDARD_LIBRARIES = YES;
				BUNDLE_LOADER = "$(TEST_HOST)";
				CODE_SIGN_STYLE = Automatic;
				CURRENT_PROJECT_VERSION = 1;
				GENERATE_INFOPLIST_FILE = YES;
				IPHONEOS_DEPLOYMENT_TARGET = 17.2;
				MARKETING_VERSION = 1.0;
				PRODUCT_BUNDLE_IDENTIFIER = "oob.my-test-ios-appTests";
				PRODUCT_NAME = "$(TARGET_NAME)";
				SWIFT_EMIT_LOC_STRINGS = NO;
				SWIFT_VERSION = 5.0;
				TARGETED_DEVICE_FAMILY = "1,2";
				TEST_HOST = "$(BUILT_PRODUCTS_DIR)/my-test-ios-app.app/$(BUNDLE_EXECUTABLE_FOLDER_PATH)/my-test-ios-app";
			};
			name = Debug;
		};
		EA2EB3772B48F67C000FDC61 /* Release */ = {
			isa = XCBuildConfiguration;
			buildSettings = {
				ALWAYS_EMBED_SWIFT_STANDARD_LIBRARIES = YES;
				BUNDLE_LOADER = "$(TEST_HOST)";
				CODE_SIGN_STYLE = Automatic;
				CURRENT_PROJECT_VERSION = 1;
				GENERATE_INFOPLIST_FILE = YES;
				IPHONEOS_DEPLOYMENT_TARGET = 17.2;
				MARKETING_VERSION = 1.0;
				PRODUCT_BUNDLE_IDENTIFIER = "oob.my-test-ios-appTests";
				PRODUCT_NAME = "$(TARGET_NAME)";
				SWIFT_EMIT_LOC_STRINGS = NO;
				SWIFT_VERSION = 5.0;
				TARGETED_DEVICE_FAMILY = "1,2";
				TEST_HOST = "$(BUILT_PRODUCTS_DIR)/my-test-ios-app.app/$(BUNDLE_EXECUTABLE_FOLDER_PATH)/my-test-ios-app";
			};
			name = Release;
		};
		EA2EB3792B48F67C000FDC61 /* Debug */ = {
			isa = XCBuildConfiguration;
			buildSettings = {
				ALWAYS_EMBED_SWIFT_STANDARD_LIBRARIES = YES;
				CODE_SIGN_STYLE = Automatic;
				CURRENT_PROJECT_VERSION = 1;
				GENERATE_INFOPLIST_FILE = YES;
				MARKETING_VERSION = 1.0;
				PRODUCT_BUNDLE_IDENTIFIER = "oob.my-test-ios-appUITests";
				PRODUCT_NAME = "$(TARGET_NAME)";
				SWIFT_EMIT_LOC_STRINGS = NO;
				SWIFT_VERSION = 5.0;
				TARGETED_DEVICE_FAMILY = "1,2";
				TEST_TARGET_NAME = "my-test-ios-app";
			};
			name = Debug;
		};
		EA2EB37A2B48F67C000FDC61 /* Release */ = {
			isa = XCBuildConfiguration;
			buildSettings = {
				ALWAYS_EMBED_SWIFT_STANDARD_LIBRARIES = YES;
				CODE_SIGN_STYLE = Automatic;
				CURRENT_PROJECT_VERSION = 1;
				GENERATE_INFOPLIST_FILE = YES;
				MARKETING_VERSION = 1.0;
				PRODUCT_BUNDLE_IDENTIFIER = "oob.my-test-ios-appUITests";
				PRODUCT_NAME = "$(TARGET_NAME)";
				SWIFT_EMIT_LOC_STRINGS = NO;
				SWIFT_VERSION = 5.0;
				TARGETED_DEVICE_FAMILY = "1,2";
				TEST_TARGET_NAME = "my-test-ios-app";
			};
			name = Release;
		};
/* End XCBuildConfiguration section */

/* Begin XCConfigurationList section */
		EA2EB3492B48F67A000FDC61 /* Build configuration list for PBXProject "my-test-ios-app" */ = {
			isa = XCConfigurationList;
			buildConfigurations = (
				EA2EB3702B48F67C000FDC61 /* Debug */,
				EA2EB3712B48F67C000FDC61 /* Release */,
			);
			defaultConfigurationIsVisible = 0;
			defaultConfigurationName = Release;
		};
		EA2EB3722B48F67C000FDC61 /* Build configuration list for PBXNativeTarget "my-test-ios-app" */ = {
			isa = XCConfigurationList;
			buildConfigurations = (
				EA2EB3732B48F67C000FDC61 /* Debug */,
				EA2EB3742B48F67C000FDC61 /* Release */,
			);
			defaultConfigurationIsVisible = 0;
			defaultConfigurationName = Release;
		};
		EA2EB3752B48F67C000FDC61 /* Build configuration list for PBXNativeTarget "my-test-ios-appTests" */ = {
			isa = XCConfigurationList;
			buildConfigurations = (
				EA2EB3762B48F67C000FDC61 /* Debug */,
				EA2EB3772B48F67C000FDC61 /* Release */,
			);
			defaultConfigurationIsVisible = 0;
			defaultConfigurationName = Release;
		};
		EA2EB3782B48F67C000FDC61 /* Build configuration list for PBXNativeTarget "my-test-ios-appUITests" */ = {
			isa = XCConfigurationList;
			buildConfigurations = (
				EA2EB3792B48F67C000FDC61 /* Debug */,
				EA2EB37A2B48F67C000FDC61 /* Release */,
			);
			defaultConfigurationIsVisible = 0;
			defaultConfigurationName = Release;
		};
/* End XCConfigurationList section */
	};
	rootObject = EA2EB3462B48F67A000FDC61 /* Project object */;
}
